# This file is automatically @generated by Wally.
# It is not intended for manual editing.
registry = "test"

[[package]]
name = "cwillsey/stand-controller"
version = "0.1.0"
dependencies = [["contextcontrols", "vocksel/context-controls@1.0.1"], ["promise", "evaera/promise@4.0.0"], ["trove", "sleitnick/trove@0.3.0"]]

[[package]]
name = "evaera/promise"
version = "4.0.0"
dependencies = []

[[package]]
name = "roblox/testez"
version = "0.4.1"
dependencies = []

[[package]]
name = "sleitnick/trove"
version = "0.3.0"
dependencies = []

[[package]]
name = "vocksel/context-controls"
version = "1.0.1"
dependencies = [["TestEZ", "roblox/testez@0.4.1"]]
